
Microsoft Visual Studio Solution File, Format Version 12.00
# Visual Studio 2012
Project("{FAE04EC0-301F-11D3-BF4B-00C04F79EFBC}") = "IOSHEXtoRGB", "IOSHEXtoRGB.csproj", "{E0D18F48-FA27-47D7-9CB2-189A703F574F}"
EndProject
Project("{FAE04EC0-301F-11D3-BF4B-00C04F79EFBC}") = "AndroidHEXtoRGB", "..\..\..\..\Android\Hex-To-RGB-Android\AndroidHEXtoRGB\AndroidHEXtoRGB.csproj", "{42B66DC7-071F-46E1-9E13-7AAAECC53390}"
EndProject
Global
	GlobalSection(SolutionConfigurationPlatforms) = preSolution
		Debug|iPhoneSimulator = Debug|iPhoneSimulator
		Release|iPhone = Release|iPhone
		Release|iPhoneSimulator = Release|iPhoneSimulator
		Debug|iPhone = Debug|iPhone
	EndGlobalSection
	GlobalSection(ProjectConfigurationPlatforms) = postSolution
		{E0D18F48-FA27-47D7-9CB2-189A703F574F}.Debug|iPhoneSimulator.ActiveCfg = Debug|iPhoneSimulator
		{E0D18F48-FA27-47D7-9CB2-189A703F574F}.Debug|iPhoneSimulator.Build.0 = Debug|iPhoneSimulator
		{E0D18F48-FA27-47D7-9CB2-189A703F574F}.Release|iPhone.ActiveCfg = Release|iPhone
		{E0D18F48-FA27-47D7-9CB2-189A703F574F}.Release|iPhone.Build.0 = Release|iPhone
		{E0D18F48-FA27-47D7-9CB2-189A703F574F}.Release|iPhoneSimulator.ActiveCfg = Release|iPhoneSimulator
		{E0D18F48-FA27-47D7-9CB2-189A703F574F}.Release|iPhoneSimulator.Build.0 = Release|iPhoneSimulator
		{E0D18F48-FA27-47D7-9CB2-189A703F574F}.Debug|iPhone.ActiveCfg = Debug|iPhone
		{E0D18F48-FA27-47D7-9CB2-189A703F574F}.Debug|iPhone.Build.0 = Debug|iPhone
		{42B66DC7-071F-46E1-9E13-7AAAECC53390}.Debug|iPhoneSimulator.ActiveCfg = Debug|Any CPU
		{42B66DC7-071F-46E1-9E13-7AAAECC53390}.Debug|iPhoneSimulator.Build.0 = Debug|Any CPU
		{42B66DC7-071F-46E1-9E13-7AAAECC53390}.Release|iPhone.ActiveCfg = Release|Any CPU
		{42B66DC7-071F-46E1-9E13-7AAAECC53390}.Release|iPhone.Build.0 = Release|Any CPU
		{42B66DC7-071F-46E1-9E13-7AAAECC53390}.Release|iPhoneSimulator.ActiveCfg = Release|Any CPU
		{42B66DC7-071F-46E1-9E13-7AAAECC53390}.Release|iPhoneSimulator.Build.0 = Release|Any CPU
		{42B66DC7-071F-46E1-9E13-7AAAECC53390}.Debug|iPhone.ActiveCfg = Debug|Any CPU
		{42B66DC7-071F-46E1-9E13-7AAAECC53390}.Debug|iPhone.Build.0 = Debug|Any CPU
	EndGlobalSection
EndGlobal
